<Solution>
  <Folder Name="/src/">
    <Project Path="src/Hm.Logging.Providers.Console/Hm.Logging.Providers.Console.csproj" />
  </Folder>
  <Folder Name="/tests/">
    <Project Path="tests/Hm.Logging.Providers.Console.Tests/Hm.Logging.Providers.Console.Tests.csproj" />
  </Folder>
  <Folder Name="/tools/">
    <Project Path="tools/Hm.Logging.Providers.ReleaseTools/Hm.Logging.Providers.ReleaseTools.csproj" />
  </Folder>
</Solution>
